// !$*UTF8*$!
{
	archiveVersion = 1;
	classes = {
	};
	objectVersion = 55;
	objects = {

/* Begin PBXBuildFile section */
		31C9C782D3EB6598F69BAC34 /* Pods_MVVMTest.framework in Frameworks */ = {isa = PBXBuildFile; fileRef = EDE9C666C1BC469BEB8BDC13 /* Pods_MVVMTest.framework */; };
		602C3A7927C28F16002613CF /* SplashController.swift in Sources */ = {isa = PBXBuildFile; fileRef = 602C3A7827C28F16002613CF /* SplashController.swift */; };
		602C3A7C27C28F74002613CF /* SearchController.swift in Sources */ = {isa = PBXBuildFile; fileRef = 602C3A7B27C28F74002613CF /* SearchController.swift */; };
		602C3A7E27C29046002613CF /* SearchModel.swift in Sources */ = {isa = PBXBuildFile; fileRef = 602C3A7D27C29046002613CF /* SearchModel.swift */; };
		602C3A8027C290B6002613CF /* SearchCityCell.swift in Sources */ = {isa = PBXBuildFile; fileRef = 602C3A7F27C290B6002613CF /* SearchCityCell.swift */; };
		604B197427C094B700789A2F /* CustomButton.swift in Sources */ = {isa = PBXBuildFile; fileRef = 604B197327C094B700789A2F /* CustomButton.swift */; };
		604B197627C094D000789A2F /* CustomUILabel.swift in Sources */ = {isa = PBXBuildFile; fileRef = 604B197527C094D000789A2F /* CustomUILabel.swift */; };
		6066EF1B27C09B0200762EF4 /* UIExtension.swift in Sources */ = {isa = PBXBuildFile; fileRef = 6066EF1A27C09B0200762EF4 /* UIExtension.swift */; };
		6066EF1D27C0AEFF00762EF4 /* ForecastTableView.swift in Sources */ = {isa = PBXBuildFile; fileRef = 6066EF1C27C0AEFF00762EF4 /* ForecastTableView.swift */; };
		6066EF1F27C0AFA100762EF4 /* ForecastCell.swift in Sources */ = {isa = PBXBuildFile; fileRef = 6066EF1E27C0AFA100762EF4 /* ForecastCell.swift */; };
		6071BC6B27C0EB2B00C1826D /* DailyCollectionView.swift in Sources */ = {isa = PBXBuildFile; fileRef = 6071BC6A27C0EB2B00C1826D /* DailyCollectionView.swift */; };
		6071BC6D27C0EC1E00C1826D /* DailyCell.swift in Sources */ = {isa = PBXBuildFile; fileRef = 6071BC6C27C0EC1E00C1826D /* DailyCell.swift */; };
		6071BC6F27C1166C00C1826D /* DetailDailyCell.swift in Sources */ = {isa = PBXBuildFile; fileRef = 6071BC6E27C1166C00C1826D /* DetailDailyCell.swift */; };
		607A09D927BFD68200E2BAA4 /* AppDelegate.swift in Sources */ = {isa = PBXBuildFile; fileRef = 607A09D827BFD68200E2BAA4 /* AppDelegate.swift */; };
		607A09DB27BFD68200E2BAA4 /* SceneDelegate.swift in Sources */ = {isa = PBXBuildFile; fileRef = 607A09DA27BFD68200E2BAA4 /* SceneDelegate.swift */; };
		607A09DD27BFD68200E2BAA4 /* MainController.swift in Sources */ = {isa = PBXBuildFile; fileRef = 607A09DC27BFD68200E2BAA4 /* MainController.swift */; };
		607A09E027BFD68200E2BAA4 /* Main.storyboard in Resources */ = {isa = PBXBuildFile; fileRef = 607A09DE27BFD68200E2BAA4 /* Main.storyboard */; };
		607A09E227BFD68300E2BAA4 /* Assets.xcassets in Resources */ = {isa = PBXBuildFile; fileRef = 607A09E127BFD68300E2BAA4 /* Assets.xcassets */; };
		607A09E527BFD68300E2BAA4 /* LaunchScreen.storyboard in Resources */ = {isa = PBXBuildFile; fileRef = 607A09E327BFD68300E2BAA4 /* LaunchScreen.storyboard */; };
		607A09EF27BFD6D200E2BAA4 /* MainViewModel.swift in Sources */ = {isa = PBXBuildFile; fileRef = 607A09EE27BFD6D200E2BAA4 /* MainViewModel.swift */; };
		607A09F227BFDB0200E2BAA4 /* ApiClient.swift in Sources */ = {isa = PBXBuildFile; fileRef = 607A09F127BFDB0200E2BAA4 /* ApiClient.swift */; };
		607A09F527BFDB6400E2BAA4 /* NewsModel.swift in Sources */ = {isa = PBXBuildFile; fileRef = 607A09F427BFDB6400E2BAA4 /* NewsModel.swift */; };
		6085C46B27C37560007727F3 /* HourlyModel.swift in Sources */ = {isa = PBXBuildFile; fileRef = 6085C46A27C37560007727F3 /* HourlyModel.swift */; };
		60E0436F27C334950073FC51 /* SearchViewModel.swift in Sources */ = {isa = PBXBuildFile; fileRef = 60E0436E27C334950073FC51 /* SearchViewModel.swift */; };
		60E0437127C3372F0073FC51 /* SearchTableView.swift in Sources */ = {isa = PBXBuildFile; fileRef = 60E0437027C3372F0073FC51 /* SearchTableView.swift */; };
/* End PBXBuildFile section */

/* Begin PBXFileReference section */
		5AB5D9DCF789CF95B4B1C3D7 /* Pods-MVVMTest.debug.xcconfig */ = {isa = PBXFileReference; includeInIndex = 1; lastKnownFileType = text.xcconfig; name = "Pods-MVVMTest.debug.xcconfig"; path = "Target Support Files/Pods-MVVMTest/Pods-MVVMTest.debug.xcconfig"; sourceTree = "<group>"; };
		602C3A7827C28F16002613CF /* SplashController.swift */ = {isa = PBXFileReference; lastKnownFileType = sourcecode.swift; path = SplashController.swift; sourceTree = "<group>"; };
		602C3A7B27C28F74002613CF /* SearchController.swift */ = {isa = PBXFileReference; lastKnownFileType = sourcecode.swift; path = SearchController.swift; sourceTree = "<group>"; };
		602C3A7D27C29046002613CF /* SearchModel.swift */ = {isa = PBXFileReference; lastKnownFileType = sourcecode.swift; path = SearchModel.swift; sourceTree = "<group>"; };
		602C3A7F27C290B6002613CF /* SearchCityCell.swift */ = {isa = PBXFileReference; lastKnownFileType = sourcecode.swift; path = SearchCityCell.swift; sourceTree = "<group>"; };
		604B197327C094B700789A2F /* CustomButton.swift */ = {isa = PBXFileReference; lastKnownFileType = sourcecode.swift; path = CustomButton.swift; sourceTree = "<group>"; };
		604B197527C094D000789A2F /* CustomUILabel.swift */ = {isa = PBXFileReference; lastKnownFileType = sourcecode.swift; path = CustomUILabel.swift; sourceTree = "<group>"; };
		6066EF1A27C09B0200762EF4 /* UIExtension.swift */ = {isa = PBXFileReference; lastKnownFileType = sourcecode.swift; path = UIExtension.swift; sourceTree = "<group>"; };
		6066EF1C27C0AEFF00762EF4 /* ForecastTableView.swift */ = {isa = PBXFileReference; lastKnownFileType = sourcecode.swift; path = ForecastTableView.swift; sourceTree = "<group>"; };
		6066EF1E27C0AFA100762EF4 /* ForecastCell.swift */ = {isa = PBXFileReference; lastKnownFileType = sourcecode.swift; path = ForecastCell.swift; sourceTree = "<group>"; };
		6071BC6A27C0EB2B00C1826D /* DailyCollectionView.swift */ = {isa = PBXFileReference; lastKnownFileType = sourcecode.swift; path = DailyCollectionView.swift; sourceTree = "<group>"; };
		6071BC6C27C0EC1E00C1826D /* DailyCell.swift */ = {isa = PBXFileReference; lastKnownFileType = sourcecode.swift; path = DailyCell.swift; sourceTree = "<group>"; };
		6071BC6E27C1166C00C1826D /* DetailDailyCell.swift */ = {isa = PBXFileReference; lastKnownFileType = sourcecode.swift; path = DetailDailyCell.swift; sourceTree = "<group>"; };
		607A09D527BFD68200E2BAA4 /* MVVMTest.app */ = {isa = PBXFileReference; explicitFileType = wrapper.application; includeInIndex = 0; path = MVVMTest.app; sourceTree = BUILT_PRODUCTS_DIR; };
		607A09D827BFD68200E2BAA4 /* AppDelegate.swift */ = {isa = PBXFileReference; lastKnownFileType = sourcecode.swift; path = AppDelegate.swift; sourceTree = "<group>"; };
		607A09DA27BFD68200E2BAA4 /* SceneDelegate.swift */ = {isa = PBXFileReference; lastKnownFileType = sourcecode.swift; path = SceneDelegate.swift; sourceTree = "<group>"; };
		607A09DC27BFD68200E2BAA4 /* MainController.swift */ = {isa = PBXFileReference; lastKnownFileType = sourcecode.swift; path = MainController.swift; sourceTree = "<group>"; };
		607A09DF27BFD68200E2BAA4 /* Base */ = {isa = PBXFileReference; lastKnownFileType = file.storyboard; name = Base; path = Base.lproj/Main.storyboard; sourceTree = "<group>"; };
		607A09E127BFD68300E2BAA4 /* Assets.xcassets */ = {isa = PBXFileReference; lastKnownFileType = folder.assetcatalog; path = Assets.xcassets; sourceTree = "<group>"; };
		607A09E427BFD68300E2BAA4 /* Base */ = {isa = PBXFileReference; lastKnownFileType = file.storyboard; name = Base; path = Base.lproj/LaunchScreen.storyboard; sourceTree = "<group>"; };
		607A09E627BFD68300E2BAA4 /* Info.plist */ = {isa = PBXFileReference; lastKnownFileType = text.plist.xml; path = Info.plist; sourceTree = "<group>"; };
		607A09EE27BFD6D200E2BAA4 /* MainViewModel.swift */ = {isa = PBXFileReference; lastKnownFileType = sourcecode.swift; path = MainViewModel.swift; sourceTree = "<group>"; };
		607A09F127BFDB0200E2BAA4 /* ApiClient.swift */ = {isa = PBXFileReference; lastKnownFileType = sourcecode.swift; path = ApiClient.swift; sourceTree = "<group>"; };
		607A09F427BFDB6400E2BAA4 /* NewsModel.swift */ = {isa = PBXFileReference; lastKnownFileType = sourcecode.swift; path = NewsModel.swift; sourceTree = "<group>"; };
		6085C46A27C37560007727F3 /* HourlyModel.swift */ = {isa = PBXFileReference; lastKnownFileType = sourcecode.swift; path = HourlyModel.swift; sourceTree = "<group>"; };
		60E0436E27C334950073FC51 /* SearchViewModel.swift */ = {isa = PBXFileReference; lastKnownFileType = sourcecode.swift; path = SearchViewModel.swift; sourceTree = "<group>"; };
		60E0437027C3372F0073FC51 /* SearchTableView.swift */ = {isa = PBXFileReference; lastKnownFileType = sourcecode.swift; path = SearchTableView.swift; sourceTree = "<group>"; };
		BDF05236EAB0CA62C907EFF6 /* Pods-MVVMTest.release.xcconfig */ = {isa = PBXFileReference; includeInIndex = 1; lastKnownFileType = text.xcconfig; name = "Pods-MVVMTest.release.xcconfig"; path = "Target Support Files/Pods-MVVMTest/Pods-MVVMTest.release.xcconfig"; sourceTree = "<group>"; };
		EDE9C666C1BC469BEB8BDC13 /* Pods_MVVMTest.framework */ = {isa = PBXFileReference; explicitFileType = wrapper.framework; includeInIndex = 0; path = Pods_MVVMTest.framework; sourceTree = BUILT_PRODUCTS_DIR; };
/* End PBXFileReference section */

/* Begin PBXFrameworksBuildPhase section */
		607A09D227BFD68200E2BAA4 /* Frameworks */ = {
			isa = PBXFrameworksBuildPhase;
			buildActionMask = 2147483647;
			files = (
				31C9C782D3EB6598F69BAC34 /* Pods_MVVMTest.framework in Frameworks */,
			);
			runOnlyForDeploymentPostprocessing = 0;
		};
/* End PBXFrameworksBuildPhase section */

/* Begin PBXGroup section */
		05DAEF67C5EA076E166EBCAC /* Pods */ = {
			isa = PBXGroup;
			children = (
				5AB5D9DCF789CF95B4B1C3D7 /* Pods-MVVMTest.debug.xcconfig */,
				BDF05236EAB0CA62C907EFF6 /* Pods-MVVMTest.release.xcconfig */,
			);
			path = Pods;
			sourceTree = "<group>";
		};
		602C3A7727C28F01002613CF /* Splash */ = {
			isa = PBXGroup;
			children = (
				602C3A7827C28F16002613CF /* SplashController.swift */,
			);
			path = Splash;
			sourceTree = "<group>";
		};
		602C3A7A27C28F62002613CF /* Search */ = {
			isa = PBXGroup;
			children = (
				602C3A7B27C28F74002613CF /* SearchController.swift */,
				60E0436E27C334950073FC51 /* SearchViewModel.swift */,
			);
			path = Search;
			sourceTree = "<group>";
		};
		604B197127C094A400789A2F /* Utils */ = {
			isa = PBXGroup;
			children = (
				604B197227C094AA00789A2F /* Views */,
				6066EF1A27C09B0200762EF4 /* UIExtension.swift */,
			);
			path = Utils;
			sourceTree = "<group>";
		};
		604B197227C094AA00789A2F /* Views */ = {
			isa = PBXGroup;
			children = (
				604B197327C094B700789A2F /* CustomButton.swift */,
				604B197527C094D000789A2F /* CustomUILabel.swift */,
				6066EF1C27C0AEFF00762EF4 /* ForecastTableView.swift */,
				6066EF1E27C0AFA100762EF4 /* ForecastCell.swift */,
				6071BC6A27C0EB2B00C1826D /* DailyCollectionView.swift */,
				6071BC6C27C0EC1E00C1826D /* DailyCell.swift */,
				6071BC6E27C1166C00C1826D /* DetailDailyCell.swift */,
				602C3A7F27C290B6002613CF /* SearchCityCell.swift */,
				60E0437027C3372F0073FC51 /* SearchTableView.swift */,
			);
			path = Views;
			sourceTree = "<group>";
		};
		607A09CC27BFD68200E2BAA4 = {
			isa = PBXGroup;
			children = (
				607A09D727BFD68200E2BAA4 /* MVVMTest */,
				607A09D627BFD68200E2BAA4 /* Products */,
				05DAEF67C5EA076E166EBCAC /* Pods */,
				A852D49C7A1DB101B0F0AB41 /* Frameworks */,
			);
			sourceTree = "<group>";
		};
		607A09D627BFD68200E2BAA4 /* Products */ = {
			isa = PBXGroup;
			children = (
				607A09D527BFD68200E2BAA4 /* MVVMTest.app */,
			);
			name = Products;
			sourceTree = "<group>";
		};
		607A09D727BFD68200E2BAA4 /* MVVMTest */ = {
			isa = PBXGroup;
			children = (
				607A09F027BFDAEE00E2BAA4 /* API */,
				604B197127C094A400789A2F /* Utils */,
				607A09EC27BFD6C000E2BAA4 /* UI */,
				607A09D827BFD68200E2BAA4 /* AppDelegate.swift */,
				607A09DA27BFD68200E2BAA4 /* SceneDelegate.swift */,
				607A09DE27BFD68200E2BAA4 /* Main.storyboard */,
				607A09E127BFD68300E2BAA4 /* Assets.xcassets */,
				607A09E327BFD68300E2BAA4 /* LaunchScreen.storyboard */,
				607A09E627BFD68300E2BAA4 /* Info.plist */,
			);
			path = MVVMTest;
			sourceTree = "<group>";
		};
		607A09EC27BFD6C000E2BAA4 /* UI */ = {
			isa = PBXGroup;
			children = (
				602C3A7A27C28F62002613CF /* Search */,
				602C3A7727C28F01002613CF /* Splash */,
				607A09ED27BFD6C500E2BAA4 /* Main */,
			);
			path = UI;
			sourceTree = "<group>";
		};
		607A09ED27BFD6C500E2BAA4 /* Main */ = {
			isa = PBXGroup;
			children = (
				607A09DC27BFD68200E2BAA4 /* MainController.swift */,
				607A09EE27BFD6D200E2BAA4 /* MainViewModel.swift */,
			);
			path = Main;
			sourceTree = "<group>";
		};
		607A09F027BFDAEE00E2BAA4 /* API */ = {
			isa = PBXGroup;
			children = (
				607A09F327BFDB3C00E2BAA4 /* Model */,
				607A09F127BFDB0200E2BAA4 /* ApiClient.swift */,
			);
			path = API;
			sourceTree = "<group>";
		};
		607A09F327BFDB3C00E2BAA4 /* Model */ = {
			isa = PBXGroup;
			children = (
				607A09F427BFDB6400E2BAA4 /* NewsModel.swift */,
				602C3A7D27C29046002613CF /* SearchModel.swift */,
				6085C46A27C37560007727F3 /* HourlyModel.swift */,
			);
			path = Model;
			sourceTree = "<group>";
		};
		A852D49C7A1DB101B0F0AB41 /* Frameworks */ = {
			isa = PBXGroup;
			children = (
				EDE9C666C1BC469BEB8BDC13 /* Pods_MVVMTest.framework */,
			);
			name = Frameworks;
			sourceTree = "<group>";
		};
/* End PBXGroup section */

/* Begin PBXNativeTarget section */
		607A09D427BFD68200E2BAA4 /* MVVMTest */ = {
			isa = PBXNativeTarget;
			buildConfigurationList = 607A09E927BFD68300E2BAA4 /* Build configuration list for PBXNativeTarget "MVVMTest" */;
			buildPhases = (
				0DE830677B6760E8CACF82AA /* [CP] Check Pods Manifest.lock */,
				607A09D127BFD68200E2BAA4 /* Sources */,
				607A09D227BFD68200E2BAA4 /* Frameworks */,
				607A09D327BFD68200E2BAA4 /* Resources */,
				1812A12099A2A8012C4C54C7 /* [CP] Embed Pods Frameworks */,
			);
			buildRules = (
			);
			dependencies = (
			);
			name = MVVMTest;
			productName = MVVMTest;
			productReference = 607A09D527BFD68200E2BAA4 /* MVVMTest.app */;
			productType = "com.apple.product-type.application";
		};
/* End PBXNativeTarget section */

/* Begin PBXProject section */
		607A09CD27BFD68200E2BAA4 /* Project object */ = {
			isa = PBXProject;
			attributes = {
				BuildIndependentTargetsInParallel = 1;
				LastSwiftUpdateCheck = 1320;
				LastUpgradeCheck = 1320;
				TargetAttributes = {
					607A09D427BFD68200E2BAA4 = {
						CreatedOnToolsVersion = 13.2.1;
					};
				};
			};
			buildConfigurationList = 607A09D027BFD68200E2BAA4 /* Build configuration list for PBXProject "MVVMTest" */;
			compatibilityVersion = "Xcode 13.0";
			developmentRegion = en;
			hasScannedForEncodings = 0;
			knownRegions = (
				en,
				Base,
			);
			mainGroup = 607A09CC27BFD68200E2BAA4;
			productRefGroup = 607A09D627BFD68200E2BAA4 /* Products */;
			projectDirPath = "";
			projectRoot = "";
			targets = (
				607A09D427BFD68200E2BAA4 /* MVVMTest */,
			);
		};
/* End PBXProject section */

/* Begin PBXResourcesBuildPhase section */
		607A09D327BFD68200E2BAA4 /* Resources */ = {
			isa = PBXResourcesBuildPhase;
			buildActionMask = 2147483647;
			files = (
				607A09E527BFD68300E2BAA4 /* LaunchScreen.storyboard in Resources */,
				607A09E227BFD68300E2BAA4 /* Assets.xcassets in Resources */,
				607A09E027BFD68200E2BAA4 /* Main.storyboard in Resources */,
			);
			runOnlyForDeploymentPostprocessing = 0;
		};
/* End PBXResourcesBuildPhase section */

/* Begin PBXShellScriptBuildPhase section */
		0DE830677B6760E8CACF82AA /* [CP] Check Pods Manifest.lock */ = {
			isa = PBXShellScriptBuildPhase;
			buildActionMask = 2147483647;
			files = (
			);
			inputFileListPaths = (
			);
			inputPaths = (
				"${PODS_PODFILE_DIR_PATH}/Podfile.lock",
				"${PODS_ROOT}/Manifest.lock",
			);
			name = "[CP] Check Pods Manifest.lock";
			outputFileListPaths = (
			);
			outputPaths = (
				"$(DERIVED_FILE_DIR)/Pods-MVVMTest-checkManifestLockResult.txt",
			);
			runOnlyForDeploymentPostprocessing = 0;
			shellPath = /bin/sh;
			shellScript = "diff \"${PODS_PODFILE_DIR_PATH}/Podfile.lock\" \"${PODS_ROOT}/Manifest.lock\" > /dev/null\nif [ $? != 0 ] ; then\n    # print error to STDERR\n    echo \"error: The sandbox is not in sync with the Podfile.lock. Run 'pod install' or update your CocoaPods installation.\" >&2\n    exit 1\nfi\n# This output is used by Xcode 'outputs' to avoid re-running this script phase.\necho \"SUCCESS\" > \"${SCRIPT_OUTPUT_FILE_0}\"\n";
			showEnvVarsInLog = 0;
		};
		1812A12099A2A8012C4C54C7 /* [CP] Embed Pods Frameworks */ = {
			isa = PBXShellScriptBuildPhase;
			buildActionMask = 2147483647;
			files = (
			);
			inputFileListPaths = (
				"${PODS_ROOT}/Target Support Files/Pods-MVVMTest/Pods-MVVMTest-frameworks-${CONFIGURATION}-input-files.xcfilelist",
			);
			name = "[CP] Embed Pods Frameworks";
			outputFileListPaths = (
				"${PODS_ROOT}/Target Support Files/Pods-MVVMTest/Pods-MVVMTest-frameworks-${CONFIGURATION}-output-files.xcfilelist",
			);
			runOnlyForDeploymentPostprocessing = 0;
			shellPath = /bin/sh;
			shellScript = "\"${PODS_ROOT}/Target Support Files/Pods-MVVMTest/Pods-MVVMTest-frameworks.sh\"\n";
			showEnvVarsInLog = 0;
		};
/* End PBXShellScriptBuildPhase section */

/* Begin PBXSourcesBuildPhase section */
		607A09D127BFD68200E2BAA4 /* Sources */ = {
			isa = PBXSourcesBuildPhase;
			buildActionMask = 2147483647;
			files = (
				602C3A7927C28F16002613CF /* SplashController.swift in Sources */,
				60E0437127C3372F0073FC51 /* SearchTableView.swift in Sources */,
				607A09F527BFDB6400E2BAA4 /* NewsModel.swift in Sources */,
				607A09DD27BFD68200E2BAA4 /* MainController.swift in Sources */,
				6071BC6B27C0EB2B00C1826D /* DailyCollectionView.swift in Sources */,
				60E0436F27C334950073FC51 /* SearchViewModel.swift in Sources */,
				6066EF1F27C0AFA100762EF4 /* ForecastCell.swift in Sources */,
				607A09D927BFD68200E2BAA4 /* AppDelegate.swift in Sources */,
				607A09DB27BFD68200E2BAA4 /* SceneDelegate.swift in Sources */,
				6085C46B27C37560007727F3 /* HourlyModel.swift in Sources */,
				6066EF1B27C09B0200762EF4 /* UIExtension.swift in Sources */,
				604B197427C094B700789A2F /* CustomButton.swift in Sources */,
				6071BC6F27C1166C00C1826D /* DetailDailyCell.swift in Sources */,
				602C3A7E27C29046002613CF /* SearchModel.swift in Sources */,
				6066EF1D27C0AEFF00762EF4 /* ForecastTableView.swift in Sources */,
				602C3A7C27C28F74002613CF /* SearchController.swift in Sources */,
				6071BC6D27C0EC1E00C1826D /* DailyCell.swift in Sources */,
				607A09EF27BFD6D200E2BAA4 /* MainViewModel.swift in Sources */,
				607A09F227BFDB0200E2BAA4 /* ApiClient.swift in Sources */,
				602C3A8027C290B6002613CF /* SearchCityCell.swift in Sources */,
				604B197627C094D000789A2F /* CustomUILabel.swift in Sources */,
			);
			runOnlyForDeploymentPostprocessing = 0;
		};
/* End PBXSourcesBuildPhase section */

/* Begin PBXVariantGroup section */
		607A09DE27BFD68200E2BAA4 /* Main.storyboard */ = {
			isa = PBXVariantGroup;
			children = (
				607A09DF27BFD68200E2BAA4 /* Base */,
			);
			name = Main.storyboard;
			sourceTree = "<group>";
		};
		607A09E327BFD68300E2BAA4 /* LaunchScreen.storyboard */ = {
			isa = PBXVariantGroup;
			children = (
				607A09E427BFD68300E2BAA4 /* Base */,
			);
			name = LaunchScreen.storyboard;
			sourceTree = "<group>";
		};
/* End PBXVariantGroup section */

/* Begin XCBuildConfiguration section */
		607A09E727BFD68300E2BAA4 /* Debug */ = {
			isa = XCBuildConfiguration;
			buildSettings = {
				ALWAYS_SEARCH_USER_PATHS = NO;
				CLANG_ANALYZER_NONNULL = YES;
				CLANG_ANALYZER_NUMBER_OBJECT_CONVERSION = YES_AGGRESSIVE;
				CLANG_CXX_LANGUAGE_STANDARD = "gnu++17";
				CLANG_CXX_LIBRARY = "libc++";
				CLANG_ENABLE_MODULES = YES;
				CLANG_ENABLE_OBJC_ARC = YES;
				CLANG_ENABLE_OBJC_WEAK = YES;
				CLANG_WARN_BLOCK_CAPTURE_AUTORELEASING = YES;
				CLANG_WARN_BOOL_CONVERSION = YES;
				CLANG_WARN_COMMA = YES;
				CLANG_WARN_CONSTANT_CONVERSION = YES;
				CLANG_WARN_DEPRECATED_OBJC_IMPLEMENTATIONS = YES;
				CLANG_WARN_DIRECT_OBJC_ISA_USAGE = YES_ERROR;
				CLANG_WARN_DOCUMENTATION_COMMENTS = YES;
				CLANG_WARN_EMPTY_BODY = YES;
				CLANG_WARN_ENUM_CONVERSION = YES;
				CLANG_WARN_INFINITE_RECURSION = YES;
				CLANG_WARN_INT_CONVERSION = YES;
				CLANG_WARN_NON_LITERAL_NULL_CONVERSION = YES;
				CLANG_WARN_OBJC_IMPLICIT_RETAIN_SELF = YES;
				CLANG_WARN_OBJC_LITERAL_CONVERSION = YES;
				CLANG_WARN_OBJC_ROOT_CLASS = YES_ERROR;
				CLANG_WARN_QUOTED_INCLUDE_IN_FRAMEWORK_HEADER = YES;
				CLANG_WARN_RANGE_LOOP_ANALYSIS = YES;
				CLANG_WARN_STRICT_PROTOTYPES = YES;
				CLANG_WARN_SUSPICIOUS_MOVE = YES;
				CLANG_WARN_UNGUARDED_AVAILABILITY = YES_AGGRESSIVE;
				CLANG_WARN_UNREACHABLE_CODE = YES;
				CLANG_WARN__DUPLICATE_METHOD_MATCH = YES;
				COPY_PHASE_STRIP = NO;
				DEBUG_INFORMATION_FORMAT = dwarf;
				ENABLE_STRICT_OBJC_MSGSEND = YES;
				ENABLE_TESTABILITY = YES;
				GCC_C_LANGUAGE_STANDARD = gnu11;
				GCC_DYNAMIC_NO_PIC = NO;
				GCC_NO_COMMON_BLOCKS = YES;
				GCC_OPTIMIZATION_LEVEL = 0;
				GCC_PREPROCESSOR_DEFINITIONS = (
					"DEBUG=1",
					"$(inherited)",
				);
				GCC_WARN_64_TO_32_BIT_CONVERSION = YES;
				GCC_WARN_ABOUT_RETURN_TYPE = YES_ERROR;
				GCC_WARN_UNDECLARED_SELECTOR = YES;
				GCC_WARN_UNINITIALIZED_AUTOS = YES_AGGRESSIVE;
				GCC_WARN_UNUSED_FUNCTION = YES;
				GCC_WARN_UNUSED_VARIABLE = YES;
				IPHONEOS_DEPLOYMENT_TARGET = 15.2;
				MTL_ENABLE_DEBUG_INFO = INCLUDE_SOURCE;
				MTL_FAST_MATH = YES;
				ONLY_ACTIVE_ARCH = YES;
				SDKROOT = iphoneos;
				SWIFT_ACTIVE_COMPILATION_CONDITIONS = DEBUG;
				SWIFT_OPTIMIZATION_LEVEL = "-Onone";
			};
			name = Debug;
		};
		607A09E827BFD68300E2BAA4 /* Release */ = {
			isa = XCBuildConfiguration;
			buildSettings = {
				ALWAYS_SEARCH_USER_PATHS = NO;
				CLANG_ANALYZER_NONNULL = YES;
				CLANG_ANALYZER_NUMBER_OBJECT_CONVERSION = YES_AGGRESSIVE;
				CLANG_CXX_LANGUAGE_STANDARD = "gnu++17";
				CLANG_CXX_LIBRARY = "libc++";
				CLANG_ENABLE_MODULES = YES;
				CLANG_ENABLE_OBJC_ARC = YES;
				CLANG_ENABLE_OBJC_WEAK = YES;
				CLANG_WARN_BLOCK_CAPTURE_AUTORELEASING = YES;
				CLANG_WARN_BOOL_CONVERSION = YES;
				CLANG_WARN_COMMA = YES;
				CLANG_WARN_CONSTANT_CONVERSION = YES;
				CLANG_WARN_DEPRECATED_OBJC_IMPLEMENTATIONS = YES;
				CLANG_WARN_DIRECT_OBJC_ISA_USAGE = YES_ERROR;
				CLANG_WARN_DOCUMENTATION_COMMENTS = YES;
				CLANG_WARN_EMPTY_BODY = YES;
				CLANG_WARN_ENUM_CONVERSION = YES;
				CLANG_WARN_INFINITE_RECURSION = YES;
				CLANG_WARN_INT_CONVERSION = YES;
				CLANG_WARN_NON_LITERAL_NULL_CONVERSION = YES;
				CLANG_WARN_OBJC_IMPLICIT_RETAIN_SELF = YES;
				CLANG_WARN_OBJC_LITERAL_CONVERSION = YES;
				CLANG_WARN_OBJC_ROOT_CLASS = YES_ERROR;
				CLANG_WARN_QUOTED_INCLUDE_IN_FRAMEWORK_HEADER = YES;
				CLANG_WARN_RANGE_LOOP_ANALYSIS = YES;
				CLANG_WARN_STRICT_PROTOTYPES = YES;
				CLANG_WARN_SUSPICIOUS_MOVE = YES;
				CLANG_WARN_UNGUARDED_AVAILABILITY = YES_AGGRESSIVE;
				CLANG_WARN_UNREACHABLE_CODE = YES;
				CLANG_WARN__DUPLICATE_METHOD_MATCH = YES;
				COPY_PHASE_STRIP = NO;
				DEBUG_INFORMATION_FORMAT = "dwarf-with-dsym";
				ENABLE_NS_ASSERTIONS = NO;
				ENABLE_STRICT_OBJC_MSGSEND = YES;
				GCC_C_LANGUAGE_STANDARD = gnu11;
				GCC_NO_COMMON_BLOCKS = YES;
				GCC_WARN_64_TO_32_BIT_CONVERSION = YES;
				GCC_WARN_ABOUT_RETURN_TYPE = YES_ERROR;
				GCC_WARN_UNDECLARED_SELECTOR = YES;
				GCC_WARN_UNINITIALIZED_AUTOS = YES_AGGRESSIVE;
				GCC_WARN_UNUSED_FUNCTION = YES;
				GCC_WARN_UNUSED_VARIABLE = YES;
				IPHONEOS_DEPLOYMENT_TARGET = 15.2;
				MTL_ENABLE_DEBUG_INFO = NO;
				MTL_FAST_MATH = YES;
				SDKROOT = iphoneos;
				SWIFT_COMPILATION_MODE = wholemodule;
				SWIFT_OPTIMIZATION_LEVEL = "-O";
				VALIDATE_PRODUCT = YES;
			};
			name = Release;
		};
		607A09EA27BFD68300E2BAA4 /* Debug */ = {
			isa = XCBuildConfiguration;
			baseConfigurationReference = 5AB5D9DCF789CF95B4B1C3D7 /* Pods-MVVMTest.debug.xcconfig */;
			buildSettings = {
				ASSETCATALOG_COMPILER_APPICON_NAME = AppIcon;
				ASSETCATALOG_COMPILER_GLOBAL_ACCENT_COLOR_NAME = AccentColor;
				CODE_SIGN_STYLE = Automatic;
				CURRENT_PROJECT_VERSION = 1;
				DEVELOPMENT_TEAM = F74RB453B9;
				GENERATE_INFOPLIST_FILE = YES;
				INFOPLIST_FILE = MVVMTest/Info.plist;
				INFOPLIST_KEY_UIApplicationSupportsIndirectInputEvents = YES;
				INFOPLIST_KEY_UILaunchStoryboardName = LaunchScreen;
				INFOPLIST_KEY_UIMainStoryboardFile = Main;
				INFOPLIST_KEY_UISupportedInterfaceOrientations_iPad = "UIInterfaceOrientationPortrait UIInterfaceOrientationPortraitUpsideDown UIInterfaceOrientationLandscapeLeft UIInterfaceOrientationLandscapeRight";
				INFOPLIST_KEY_UISupportedInterfaceOrientations_iPhone = "UIInterfaceOrientationPortrait UIInterfaceOrientationLandscapeLeft UIInterfaceOrientationLandscapeRight";
				LD_RUNPATH_SEARCH_PATHS = (
					"$(inherited)",
					"@executable_path/Frameworks",
				);
				MARKETING_VERSION = 1.0;
				PRODUCT_BUNDLE_IDENTIFIER = Ruslan.MVVMTest;
				PRODUCT_NAME = "$(TARGET_NAME)";
				SWIFT_EMIT_LOC_STRINGS = YES;
				SWIFT_VERSION = 5.0;
				TARGETED_DEVICE_FAMILY = "1,2";
			};
			name = Debug;
		};
		607A09EB27BFD68300E2BAA4 /* Release */ = {
			isa = XCBuildConfiguration;
			baseConfigurationReference = BDF05236EAB0CA62C907EFF6 /* Pods-MVVMTest.release.xcconfig */;
			buildSettings = {
				ASSETCATALOG_COMPILER_APPICON_NAME = AppIcon;
				ASSETCATALOG_COMPILER_GLOBAL_ACCENT_COLOR_NAME = AccentColor;
				CODE_SIGN_STYLE = Automatic;
				CURRENT_PROJECT_VERSION = 1;
				DEVELOPMENT_TEAM = F74RB453B9;
				GENERATE_INFOPLIST_FILE = YES;
				INFOPLIST_FILE = MVVMTest/Info.plist;
				INFOPLIST_KEY_UIApplicationSupportsIndirectInputEvents = YES;
				INFOPLIST_KEY_UILaunchStoryboardName = LaunchScreen;
				INFOPLIST_KEY_UIMainStoryboardFile = Main;
				INFOPLIST_KEY_UISupportedInterfaceOrientations_iPad = "UIInterfaceOrientationPortrait UIInterfaceOrientationPortraitUpsideDown UIInterfaceOrientationLandscapeLeft UIInterfaceOrientationLandscapeRight";
				INFOPLIST_KEY_UISupportedInterfaceOrientations_iPhone = "UIInterfaceOrientationPortrait UIInterfaceOrientationLandscapeLeft UIInterfaceOrientationLandscapeRight";
				LD_RUNPATH_SEARCH_PATHS = (
					"$(inherited)",
					"@executable_path/Frameworks",
				);
				MARKETING_VERSION = 1.0;
				PRODUCT_BUNDLE_IDENTIFIER = Ruslan.MVVMTest;
				PRODUCT_NAME = "$(TARGET_NAME)";
				SWIFT_EMIT_LOC_STRINGS = YES;
				SWIFT_VERSION = 5.0;
				TARGETED_DEVICE_FAMILY = "1,2";
			};
			name = Release;
		};
/* End XCBuildConfiguration section */

/* Begin XCConfigurationList section */
		607A09D027BFD68200E2BAA4 /* Build configuration list for PBXProject "MVVMTest" */ = {
			isa = XCConfigurationList;
			buildConfigurations = (
				607A09E727BFD68300E2BAA4 /* Debug */,
				607A09E827BFD68300E2BAA4 /* Release */,
			);
			defaultConfigurationIsVisible = 0;
			defaultConfigurationName = Release;
		};
		607A09E927BFD68300E2BAA4 /* Build configuration list for PBXNativeTarget "MVVMTest" */ = {
			isa = XCConfigurationList;
			buildConfigurations = (
				607A09EA27BFD68300E2BAA4 /* Debug */,
				607A09EB27BFD68300E2BAA4 /* Release */,
			);
			defaultConfigurationIsVisible = 0;
			defaultConfigurationName = Release;
		};
/* End XCConfigurationList section */
	};
	rootObject = 607A09CD27BFD68200E2BAA4 /* Project object */;
}
